
Microsoft Visual Studio Solution File, Format Version 12.00
# Visual Studio 2012
Project("{8BC9CEB8-8B4A-11D0-8D11-00A0C91BC942}") = "particle_example", "particle_example\particle_example.vcxproj", "{D466A729-B8F1-46B9-B69D-E6FE6E25DB7C}"
EndProject
Global
	GlobalSection(SolutionConfigurationPlatforms) = preSolution
		Debug|Win32 = Debug|Win32
		Release|Win32 = Release|Win32
	EndGlobalSection
	GlobalSection(ProjectConfigurationPlatforms) = postSolution
		{D466A729-B8F1-46B9-B69D-E6FE6E25DB7C}.Debug|Win32.ActiveCfg = Debug|Win32
		{D466A729-B8F1-46B9-B69D-E6FE6E25DB7C}.Debug|Win32.Build.0 = Debug|Win32
		{D466A729-B8F1-46B9-B69D-E6FE6E25DB7C}.Release|Win32.ActiveCfg = Release|Win32
		{D466A729-B8F1-46B9-B69D-E6FE6E25DB7C}.Release|Win32.Build.0 = Release|Win32
	EndGlobalSection
	GlobalSection(SolutionProperties) = preSolution
		HideSolutionNode = FALSE
	EndGlobalSection
EndGlobal
